
Microsoft Visual Studio Solution File, Format Version 12.00
# Visual Studio 15
VisualStudioVersion = 15.0.27703.2026
MinimumVisualStudioVersion = 10.0.40219.1
Project("{8BC9CEB8-8B4A-11D0-8D11-00A0C91BC942}") = "belt-of-legends", "belt-of-legends\belt-of-legends.vcxproj", "{191532A0-308E-43D5-9394-76B9E9D5CFCF}"
EndProject
Global
	GlobalSection(SolutionConfigurationPlatforms) = preSolution
		Debug|x64 = Debug|x64
		Debug|x86 = Debug|x86
		Release|x64 = Release|x64
		Release|x86 = Release|x86
	EndGlobalSection
	GlobalSection(ProjectConfigurationPlatforms) = postSolution
		{191532A0-308E-43D5-9394-76B9E9D5CFCF}.Debug|x64.ActiveCfg = Debug|x64
		{191532A0-308E-43D5-9394-76B9E9D5CFCF}.Debug|x64.Build.0 = Debug|x64
		{191532A0-308E-43D5-9394-76B9E9D5CFCF}.Debug|x86.ActiveCfg = Debug|Win32
		{191532A0-308E-43D5-9394-76B9E9D5CFCF}.Debug|x86.Build.0 = Debug|Win32
		{191532A0-308E-43D5-9394-76B9E9D5CFCF}.Release|x64.ActiveCfg = Release|x64
		{191532A0-308E-43D5-9394-76B9E9D5CFCF}.Release|x64.Build.0 = Release|x64
		{191532A0-308E-43D5-9394-76B9E9D5CFCF}.Release|x86.ActiveCfg = Release|Win32
		{191532A0-308E-43D5-9394-76B9E9D5CFCF}.Release|x86.Build.0 = Release|Win32
	EndGlobalSection
	GlobalSection(SolutionProperties) = preSolution
		HideSolutionNode = FALSE
	EndGlobalSection
	GlobalSection(ExtensibilityGlobals) = postSolution
		SolutionGuid = {C8486E68-9F2C-48FF-A78F-1FC654CFD699}
	EndGlobalSection
EndGlobal
